{
  "name": "momentum",
  "version": "0.0.0",
  "lockfileVersion": 1,
  "requires": true,
  "dependencies": {
    "@cryptograph/typescript-tooling": {
      "version": "1.0.5",
      "resolved": "https://registry.npmjs.org/@cryptograph/typescript-tooling/-/typescript-tooling-1.0.5.tgz",
      "integrity": "sha512-OS30uTag7oQTYL2xpDPmc4xmuoKn9h6zPu08GLX/jEsIx7kD+YJ4XV3FZOLKmjWsoBajXHcn4klARjZgXVz8NA==",
      "dev": true
    }
  }
}
